
Microsoft Visual Studio Solution File, Format Version 12.00
# Visual Studio Version 16
VisualStudioVersion = 16.0.30503.244
MinimumVisualStudioVersion = 10.0.40219.1
Project("{FAE04EC0-301F-11D3-BF4B-00C04F79EFBC}") = "TFI.Dominio", "TFI.Dominio\TFI.Dominio.csproj", "{BC188159-8523-400F-9058-47B0A9D765F2}"
EndProject
Project("{FAE04EC0-301F-11D3-BF4B-00C04F79EFBC}") = "TFI.Presentacion", "TFI.Vista\TFI.Presentacion.csproj", "{8FB446D6-5B0D-4431-9678-034412BFC242}"
EndProject
Project("{FAE04EC0-301F-11D3-BF4B-00C04F79EFBC}") = "TFI.AccesoADatos", "TFI.AccesoADatos\TFI.AccesoADatos.csproj", "{7ED107B7-0320-4B3D-92F4-DE23D1CCF17D}"
EndProject
Project("{FAE04EC0-301F-11D3-BF4B-00C04F79EFBC}") = "TFI.Test", "TFI.Test\TFI.Test.csproj", "{644F8A71-FBCC-4B4B-AF52-FAA5A9A9B3F3}"
EndProject
Global
	GlobalSection(SolutionConfigurationPlatforms) = preSolution
		Debug|Any CPU = Debug|Any CPU
		Release|Any CPU = Release|Any CPU
	EndGlobalSection
	GlobalSection(ProjectConfigurationPlatforms) = postSolution
		{BC188159-8523-400F-9058-47B0A9D765F2}.Debug|Any CPU.ActiveCfg = Debug|Any CPU
		{BC188159-8523-400F-9058-47B0A9D765F2}.Debug|Any CPU.Build.0 = Debug|Any CPU
		{BC188159-8523-400F-9058-47B0A9D765F2}.Release|Any CPU.ActiveCfg = Release|Any CPU
		{BC188159-8523-400F-9058-47B0A9D765F2}.Release|Any CPU.Build.0 = Release|Any CPU
		{8FB446D6-5B0D-4431-9678-034412BFC242}.Debug|Any CPU.ActiveCfg = Debug|Any CPU
		{8FB446D6-5B0D-4431-9678-034412BFC242}.Debug|Any CPU.Build.0 = Debug|Any CPU
		{8FB446D6-5B0D-4431-9678-034412BFC242}.Release|Any CPU.ActiveCfg = Release|Any CPU
		{8FB446D6-5B0D-4431-9678-034412BFC242}.Release|Any CPU.Build.0 = Release|Any CPU
		{7ED107B7-0320-4B3D-92F4-DE23D1CCF17D}.Debug|Any CPU.ActiveCfg = Debug|Any CPU
		{7ED107B7-0320-4B3D-92F4-DE23D1CCF17D}.Debug|Any CPU.Build.0 = Debug|Any CPU
		{7ED107B7-0320-4B3D-92F4-DE23D1CCF17D}.Release|Any CPU.ActiveCfg = Release|Any CPU
		{7ED107B7-0320-4B3D-92F4-DE23D1CCF17D}.Release|Any CPU.Build.0 = Release|Any CPU
		{644F8A71-FBCC-4B4B-AF52-FAA5A9A9B3F3}.Debug|Any CPU.ActiveCfg = Debug|Any CPU
		{644F8A71-FBCC-4B4B-AF52-FAA5A9A9B3F3}.Debug|Any CPU.Build.0 = Debug|Any CPU
		{644F8A71-FBCC-4B4B-AF52-FAA5A9A9B3F3}.Release|Any CPU.ActiveCfg = Release|Any CPU
		{644F8A71-FBCC-4B4B-AF52-FAA5A9A9B3F3}.Release|Any CPU.Build.0 = Release|Any CPU
	EndGlobalSection
	GlobalSection(SolutionProperties) = preSolution
		HideSolutionNode = FALSE
	EndGlobalSection
	GlobalSection(ExtensibilityGlobals) = postSolution
		SolutionGuid = {8925E24D-7EC8-4CC0-8F45-48087F428907}
	EndGlobalSection
EndGlobal
